// !$*UTF8*$!
{
	archiveVersion = 1;
	classes = {
	};
	objectVersion = 46;
	objects = {

/* Begin PBXBuildFile section */
		C091A50716658487007FB94A /* UIKit.framework in Frameworks */ = {isa = PBXBuildFile; fileRef = C091A50616658487007FB94A /* UIKit.framework */; };
		C091A50916658487007FB94A /* Foundation.framework in Frameworks */ = {isa = PBXBuildFile; fileRef = C091A50816658487007FB94A /* Foundation.framework */; };
		C091A50B16658487007FB94A /* CoreGraphics.framework in Frameworks */ = {isa = PBXBuildFile; fileRef = C091A50A16658487007FB94A /* CoreGraphics.framework */; };
		C091A51116658488007FB94A /* InfoPlist.strings in Resources */ = {isa = PBXBuildFile; fileRef = C091A50F16658488007FB94A /* InfoPlist.strings */; };
		C091A51316658488007FB94A /* main.m in Sources */ = {isa = PBXBuildFile; fileRef = C091A51216658488007FB94A /* main.m */; };
		C091A51716658488007FB94A /* AppDelegate.m in Sources */ = {isa = PBXBuildFile; fileRef = C091A51616658488007FB94A /* AppDelegate.m */; };
		C091A51916658488007FB94A /* Default.png in Resources */ = {isa = PBXBuildFile; fileRef = C091A51816658488007FB94A /* Default.png */; };
		C091A51B16658488007FB94A /* Default@2x.png in Resources */ = {isa = PBXBuildFile; fileRef = C091A51A16658488007FB94A /* Default@2x.png */; };
		C091A51D16658488007FB94A /* Default-568h@2x.png in Resources */ = {isa = PBXBuildFile; fileRef = C091A51C16658488007FB94A /* Default-568h@2x.png */; };
		C091A52016658488007FB94A /* ViewController.m in Sources */ = {isa = PBXBuildFile; fileRef = C091A51F16658488007FB94A /* ViewController.m */; };
		C091A52316658488007FB94A /* ViewController.xib in Resources */ = {isa = PBXBuildFile; fileRef = C091A52116658488007FB94A /* ViewController.xib */; };
/* End PBXBuildFile section */

/* Begin PBXFileReference section */
		C091A50216658487007FB94A /* BubbleButtonView.app */ = {isa = PBXFileReference; explicitFileType = wrapper.application; includeInIndex = 0; path = BubbleButtonView.app; sourceTree = BUILT_PRODUCTS_DIR; };
		C091A50616658487007FB94A /* UIKit.framework */ = {isa = PBXFileReference; lastKnownFileType = wrapper.framework; name = UIKit.framework; path = System/Library/Frameworks/UIKit.framework; sourceTree = SDKROOT; };
		C091A50816658487007FB94A /* Foundation.framework */ = {isa = PBXFileReference; lastKnownFileType = wrapper.framework; name = Foundation.framework; path = System/Library/Frameworks/Foundation.framework; sourceTree = SDKROOT; };
		C091A50A16658487007FB94A /* CoreGraphics.framework */ = {isa = PBXFileReference; lastKnownFileType = wrapper.framework; name = CoreGraphics.framework; path = System/Library/Frameworks/CoreGraphics.framework; sourceTree = SDKROOT; };
		C091A50E16658488007FB94A /* BubbleButtonView-Info.plist */ = {isa = PBXFileReference; lastKnownFileType = text.plist.xml; path = "BubbleButtonView-Info.plist"; sourceTree = "<group>"; };
		C091A51016658488007FB94A /* en */ = {isa = PBXFileReference; lastKnownFileType = text.plist.strings; name = en; path = en.lproj/InfoPlist.strings; sourceTree = "<group>"; };
		C091A51216658488007FB94A /* main.m */ = {isa = PBXFileReference; lastKnownFileType = sourcecode.c.objc; path = main.m; sourceTree = "<group>"; };
		C091A51416658488007FB94A /* BubbleButtonView-Prefix.pch */ = {isa = PBXFileReference; lastKnownFileType = sourcecode.c.h; path = "BubbleButtonView-Prefix.pch"; sourceTree = "<group>"; };
		C091A51516658488007FB94A /* AppDelegate.h */ = {isa = PBXFileReference; lastKnownFileType = sourcecode.c.h; path = AppDelegate.h; sourceTree = "<group>"; };
		C091A51616658488007FB94A /* AppDelegate.m */ = {isa = PBXFileReference; lastKnownFileType = sourcecode.c.objc; path = AppDelegate.m; sourceTree = "<group>"; };
		C091A51816658488007FB94A /* Default.png */ = {isa = PBXFileReference; lastKnownFileType = image.png; path = Default.png; sourceTree = "<group>"; };
		C091A51A16658488007FB94A /* Default@2x.png */ = {isa = PBXFileReference; lastKnownFileType = image.png; path = "Default@2x.png"; sourceTree = "<group>"; };
		C091A51C16658488007FB94A /* Default-568h@2x.png */ = {isa = PBXFileReference; lastKnownFileType = image.png; path = "Default-568h@2x.png"; sourceTree = "<group>"; };
		C091A51E16658488007FB94A /* ViewController.h */ = {isa = PBXFileReference; lastKnownFileType = sourcecode.c.h; path = ViewController.h; sourceTree = "<group>"; };
		C091A51F16658488007FB94A /* ViewController.m */ = {isa = PBXFileReference; lastKnownFileType = sourcecode.c.objc; path = ViewController.m; sourceTree = "<group>"; };
		C091A52216658488007FB94A /* en */ = {isa = PBXFileReference; lastKnownFileType = file.xib; name = en; path = en.lproj/ViewController.xib; sourceTree = "<group>"; };
/* End PBXFileReference section */

/* Begin PBXFrameworksBuildPhase section */
		C091A4FF16658487007FB94A /* Frameworks */ = {
			isa = PBXFrameworksBuildPhase;
			buildActionMask = 2147483647;
			files = (
				C091A50716658487007FB94A /* UIKit.framework in Frameworks */,
				C091A50916658487007FB94A /* Foundation.framework in Frameworks */,
				C091A50B16658487007FB94A /* CoreGraphics.framework in Frameworks */,
			);
			runOnlyForDeploymentPostprocessing = 0;
		};
/* End PBXFrameworksBuildPhase section */

/* Begin PBXGroup section */
		C091A4F716658487007FB94A = {
			isa = PBXGroup;
			children = (
				C091A50C16658488007FB94A /* BubbleButtonView */,
				C091A50516658487007FB94A /* Frameworks */,
				C091A50316658487007FB94A /* Products */,
			);
			sourceTree = "<group>";
		};
		C091A50316658487007FB94A /* Products */ = {
			isa = PBXGroup;
			children = (
				C091A50216658487007FB94A /* BubbleButtonView.app */,
			);
			name = Products;
			sourceTree = "<group>";
		};
		C091A50516658487007FB94A /* Frameworks */ = {
			isa = PBXGroup;
			children = (
				C091A50616658487007FB94A /* UIKit.framework */,
				C091A50816658487007FB94A /* Foundation.framework */,
				C091A50A16658487007FB94A /* CoreGraphics.framework */,
			);
			name = Frameworks;
			sourceTree = "<group>";
		};
		C091A50C16658488007FB94A /* BubbleButtonView */ = {
			isa = PBXGroup;
			children = (
				C091A51516658488007FB94A /* AppDelegate.h */,
				C091A51616658488007FB94A /* AppDelegate.m */,
				C091A51E16658488007FB94A /* ViewController.h */,
				C091A51F16658488007FB94A /* ViewController.m */,
				C091A52116658488007FB94A /* ViewController.xib */,
				C091A50D16658488007FB94A /* Supporting Files */,
			);
			path = BubbleButtonView;
			sourceTree = "<group>";
		};
		C091A50D16658488007FB94A /* Supporting Files */ = {
			isa = PBXGroup;
			children = (
				C091A50E16658488007FB94A /* BubbleButtonView-Info.plist */,
				C091A50F16658488007FB94A /* InfoPlist.strings */,
				C091A51216658488007FB94A /* main.m */,
				C091A51416658488007FB94A /* BubbleButtonView-Prefix.pch */,
				C091A51816658488007FB94A /* Default.png */,
				C091A51A16658488007FB94A /* Default@2x.png */,
				C091A51C16658488007FB94A /* Default-568h@2x.png */,
			);
			name = "Supporting Files";
			sourceTree = "<group>";
		};
/* End PBXGroup section */

/* Begin PBXNativeTarget section */
		C091A50116658487007FB94A /* BubbleButtonView */ = {
			isa = PBXNativeTarget;
			buildConfigurationList = C091A52616658488007FB94A /* Build configuration list for PBXNativeTarget "BubbleButtonView" */;
			buildPhases = (
				C091A4FE16658487007FB94A /* Sources */,
				C091A4FF16658487007FB94A /* Frameworks */,
				C091A50016658487007FB94A /* Resources */,
			);
			buildRules = (
			);
			dependencies = (
			);
			name = BubbleButtonView;
			productName = BubbleButtonView;
			productReference = C091A50216658487007FB94A /* BubbleButtonView.app */;
			productType = "com.apple.product-type.application";
		};
/* End PBXNativeTarget section */

/* Begin PBXProject section */
		C091A4F916658487007FB94A /* Project object */ = {
			isa = PBXProject;
			attributes = {
				LastUpgradeCheck = 0450;
				ORGANIZATIONNAME = "Benjamin Gordon";
			};
			buildConfigurationList = C091A4FC16658487007FB94A /* Build configuration list for PBXProject "BubbleButtonView" */;
			compatibilityVersion = "Xcode 3.2";
			developmentRegion = English;
			hasScannedForEncodings = 0;
			knownRegions = (
				en,
			);
			mainGroup = C091A4F716658487007FB94A;
			productRefGroup = C091A50316658487007FB94A /* Products */;
			projectDirPath = "";
			projectRoot = "";
			targets = (
				C091A50116658487007FB94A /* BubbleButtonView */,
			);
		};
/* End PBXProject section */

/* Begin PBXResourcesBuildPhase section */
		C091A50016658487007FB94A /* Resources */ = {
			isa = PBXResourcesBuildPhase;
			buildActionMask = 2147483647;
			files = (
				C091A51116658488007FB94A /* InfoPlist.strings in Resources */,
				C091A51916658488007FB94A /* Default.png in Resources */,
				C091A51B16658488007FB94A /* Default@2x.png in Resources */,
				C091A51D16658488007FB94A /* Default-568h@2x.png in Resources */,
				C091A52316658488007FB94A /* ViewController.xib in Resources */,
			);
			runOnlyForDeploymentPostprocessing = 0;
		};
/* End PBXResourcesBuildPhase section */

/* Begin PBXSourcesBuildPhase section */
		C091A4FE16658487007FB94A /* Sources */ = {
			isa = PBXSourcesBuildPhase;
			buildActionMask = 2147483647;
			files = (
				C091A51316658488007FB94A /* main.m in Sources */,
				C091A51716658488007FB94A /* AppDelegate.m in Sources */,
				C091A52016658488007FB94A /* ViewController.m in Sources */,
			);
			runOnlyForDeploymentPostprocessing = 0;
		};
/* End PBXSourcesBuildPhase section */

/* Begin PBXVariantGroup section */
		C091A50F16658488007FB94A /* InfoPlist.strings */ = {
			isa = PBXVariantGroup;
			children = (
				C091A51016658488007FB94A /* en */,
			);
			name = InfoPlist.strings;
			sourceTree = "<group>";
		};
		C091A52116658488007FB94A /* ViewController.xib */ = {
			isa = PBXVariantGroup;
			children = (
				C091A52216658488007FB94A /* en */,
			);
			name = ViewController.xib;
			sourceTree = "<group>";
		};
/* End PBXVariantGroup section */

/* Begin XCBuildConfiguration section */
		C091A52416658488007FB94A /* Debug */ = {
			isa = XCBuildConfiguration;
			buildSettings = {
				ALWAYS_SEARCH_USER_PATHS = NO;
				CLANG_CXX_LANGUAGE_STANDARD = "gnu++0x";
				CLANG_CXX_LIBRARY = "libc++";
				CLANG_WARN_EMPTY_BODY = YES;
				CLANG_WARN__DUPLICATE_METHOD_MATCH = YES;
				"CODE_SIGN_IDENTITY[sdk=iphoneos*]" = "iPhone Developer";
				COPY_PHASE_STRIP = NO;
				GCC_C_LANGUAGE_STANDARD = gnu99;
				GCC_DYNAMIC_NO_PIC = NO;
				GCC_OPTIMIZATION_LEVEL = 0;
				GCC_PREPROCESSOR_DEFINITIONS = (
					"DEBUG=1",
					"$(inherited)",
				);
				GCC_SYMBOLS_PRIVATE_EXTERN = NO;
				GCC_WARN_ABOUT_RETURN_TYPE = YES;
				GCC_WARN_UNINITIALIZED_AUTOS = YES;
				GCC_WARN_UNUSED_VARIABLE = YES;
				IPHONEOS_DEPLOYMENT_TARGET = 6.0;
				ONLY_ACTIVE_ARCH = YES;
				SDKROOT = iphoneos;
			};
			name = Debug;
		};
		C091A52516658488007FB94A /* Release */ = {
			isa = XCBuildConfiguration;
			buildSettings = {
				ALWAYS_SEARCH_USER_PATHS = NO;
				CLANG_CXX_LANGUAGE_STANDARD = "gnu++0x";
				CLANG_CXX_LIBRARY = "libc++";
				CLANG_WARN_EMPTY_BODY = YES;
				CLANG_WARN__DUPLICATE_METHOD_MATCH = YES;
				"CODE_SIGN_IDENTITY[sdk=iphoneos*]" = "iPhone Developer";
				COPY_PHASE_STRIP = YES;
				GCC_C_LANGUAGE_STANDARD = gnu99;
				GCC_WARN_ABOUT_RETURN_TYPE = YES;
				GCC_WARN_UNINITIALIZED_AUTOS = YES;
				GCC_WARN_UNUSED_VARIABLE = YES;
				IPHONEOS_DEPLOYMENT_TARGET = 6.0;
				OTHER_CFLAGS = "-DNS_BLOCK_ASSERTIONS=1";
				SDKROOT = iphoneos;
				VALIDATE_PRODUCT = YES;
			};
			name = Release;
		};
		C091A52716658488007FB94A /* Debug */ = {
			isa = XCBuildConfiguration;
			buildSettings = {
				GCC_PRECOMPILE_PREFIX_HEADER = YES;
				GCC_PREFIX_HEADER = "BubbleButtonView/BubbleButtonView-Prefix.pch";
				INFOPLIST_FILE = "BubbleButtonView/BubbleButtonView-Info.plist";
				PRODUCT_NAME = "$(TARGET_NAME)";
				WRAPPER_EXTENSION = app;
			};
			name = Debug;
		};
		C091A52816658488007FB94A /* Release */ = {
			isa = XCBuildConfiguration;
			buildSettings = {
				GCC_PRECOMPILE_PREFIX_HEADER = YES;
				GCC_PREFIX_HEADER = "BubbleButtonView/BubbleButtonView-Prefix.pch";
				INFOPLIST_FILE = "BubbleButtonView/BubbleButtonView-Info.plist";
				PRODUCT_NAME = "$(TARGET_NAME)";
				WRAPPER_EXTENSION = app;
			};
			name = Release;
		};
/* End XCBuildConfiguration section */

/* Begin XCConfigurationList section */
		C091A4FC16658487007FB94A /* Build configuration list for PBXProject "BubbleButtonView" */ = {
			isa = XCConfigurationList;
			buildConfigurations = (
				C091A52416658488007FB94A /* Debug */,
				C091A52516658488007FB94A /* Release */,
			);
			defaultConfigurationIsVisible = 0;
			defaultConfigurationName = Release;
		};
		C091A52616658488007FB94A /* Build configuration list for PBXNativeTarget "BubbleButtonView" */ = {
			isa = XCConfigurationList;
			buildConfigurations = (
				C091A52716658488007FB94A /* Debug */,
				C091A52816658488007FB94A /* Release */,
			);
			defaultConfigurationIsVisible = 0;
		};
/* End XCConfigurationList section */
	};
	rootObject = C091A4F916658487007FB94A /* Project object */;
}
